
Microsoft Visual Studio Solution File, Format Version 12.00
Project("{FAE04EC0-301F-11D3-BF4B-00C04F79EFBC}") = "Testfixture.Local", "Testfixture.Local\Testfixture.Local.csproj", "{25B33C61-5B9D-4E74-832B-0EA4E4EB58BE}"
EndProject
Project("{FAE04EC0-301F-11D3-BF4B-00C04F79EFBC}") = "Testfixture.Remote", "Testfixture.Remote\Testfixture.Remote.csproj", "{6EEF27F5-0F11-4B0F-B437-4152D235FF28}"
EndProject
Project("{FAE04EC0-301F-11D3-BF4B-00C04F79EFBC}") = "EtAlii.xTechnology.Grpc.Tools", "EtAlii.xTechnology.Grpc.Tools\EtAlii.xTechnology.Grpc.Tools.csproj", "{E0FB92FC-4FC4-4AAD-A057-7D122E4FCF8B}"
EndProject
Global
	GlobalSection(SolutionConfigurationPlatforms) = preSolution
		Debug|Any CPU = Debug|Any CPU
	EndGlobalSection
	GlobalSection(ProjectConfigurationPlatforms) = postSolution
		{E0FB92FC-4FC4-4AAD-A057-7D122E4FCF8B}.Debug|Any CPU.ActiveCfg = Debug|Any CPU
		{E0FB92FC-4FC4-4AAD-A057-7D122E4FCF8B}.Debug|Any CPU.Build.0 = Debug|Any CPU
		{25B33C61-5B9D-4E74-832B-0EA4E4EB58BE}.Debug|Any CPU.ActiveCfg = Debug|Any CPU
		{25B33C61-5B9D-4E74-832B-0EA4E4EB58BE}.Debug|Any CPU.Build.0 = Debug|Any CPU
		{6EEF27F5-0F11-4B0F-B437-4152D235FF28}.Debug|Any CPU.ActiveCfg = Debug|Any CPU
		{6EEF27F5-0F11-4B0F-B437-4152D235FF28}.Debug|Any CPU.Build.0 = Debug|Any CPU
	EndGlobalSection
EndGlobal
